
Microsoft Visual Studio Solution File, Format Version 12.00
# Visual Studio Version 17
VisualStudioVersion = 17.6.33801.468
MinimumVisualStudioVersion = 10.0.40219.1
Project("{FAE04EC0-301F-11D3-BF4B-00C04F79EFBC}") = "JMock", "JMock.csproj", "{730D8BF4-2CE7-43AC-A80D-2F01AD2469FA}"
EndProject
Global
	GlobalSection(SolutionConfigurationPlatforms) = preSolution
		Debug|Any CPU = Debug|Any CPU
		Release|Any CPU = Release|Any CPU
	EndGlobalSection
	GlobalSection(ProjectConfigurationPlatforms) = postSolution
		{730D8BF4-2CE7-43AC-A80D-2F01AD2469FA}.Debug|Any CPU.ActiveCfg = Debug|Any CPU
		{730D8BF4-2CE7-43AC-A80D-2F01AD2469FA}.Debug|Any CPU.Build.0 = Debug|Any CPU
		{730D8BF4-2CE7-43AC-A80D-2F01AD2469FA}.Release|Any CPU.ActiveCfg = Release|Any CPU
		{730D8BF4-2CE7-43AC-A80D-2F01AD2469FA}.Release|Any CPU.Build.0 = Release|Any CPU
	EndGlobalSection
	GlobalSection(SolutionProperties) = preSolution
		HideSolutionNode = FALSE
	EndGlobalSection
	GlobalSection(ExtensibilityGlobals) = postSolution
		SolutionGuid = {2ED21923-BA4A-4617-8B6D-A7DBB38CD8F7}
	EndGlobalSection
EndGlobal
